
Microsoft Visual Studio Solution File, Format Version 12.00
# Visual Studio 15
VisualStudioVersion = 15.0.28010.2041
MinimumVisualStudioVersion = 10.0.40219.1
Project("{FAE04EC0-301F-11D3-BF4B-00C04F79EFBC}") = "Hotel Boutique Elene", "Hotel Boutique Elene\Hotel Boutique Elene.csproj", "{39024F76-0D03-4034-91EF-3AEECC509851}"
EndProject
Global
	GlobalSection(SolutionConfigurationPlatforms) = preSolution
		Debug|Any CPU = Debug|Any CPU
		Release|Any CPU = Release|Any CPU
	EndGlobalSection
	GlobalSection(ProjectConfigurationPlatforms) = postSolution
		{39024F76-0D03-4034-91EF-3AEECC509851}.Debug|Any CPU.ActiveCfg = Debug|Any CPU
		{39024F76-0D03-4034-91EF-3AEECC509851}.Debug|Any CPU.Build.0 = Debug|Any CPU
		{39024F76-0D03-4034-91EF-3AEECC509851}.Release|Any CPU.ActiveCfg = Release|Any CPU
		{39024F76-0D03-4034-91EF-3AEECC509851}.Release|Any CPU.Build.0 = Release|Any CPU
	EndGlobalSection
	GlobalSection(SolutionProperties) = preSolution
		HideSolutionNode = FALSE
	EndGlobalSection
	GlobalSection(ExtensibilityGlobals) = postSolution
		SolutionGuid = {5C755CE7-9C03-4976-8F8C-0F959B441355}
	EndGlobalSection
EndGlobal
